
Microsoft Visual Studio Solution File, Format Version 12.00
# Visual Studio 15
VisualStudioVersion = 15.0.27703.2026
MinimumVisualStudioVersion = 10.0.40219.1
Project("{FAE04EC0-301F-11D3-BF4B-00C04F79EFBC}") = "DesignPatterns", "DesignPatterns\DesignPatterns.csproj", "{32F6A8D4-B055-471D-AD4F-FE01C06268C5}"
EndProject
Project("{FAE04EC0-301F-11D3-BF4B-00C04F79EFBC}") = "Duck", "Duck\Duck.csproj", "{714816CC-A2D3-4854-ADF1-EDAFD4558F5E}"
EndProject
Project("{FAE04EC0-301F-11D3-BF4B-00C04F79EFBC}") = "ObserverPattern", "ObserverPattern\ObserverPattern.csproj", "{983C0433-A637-431E-BACA-A32D6FD034D0}"
EndProject
Project("{FAE04EC0-301F-11D3-BF4B-00C04F79EFBC}") = "ObserverPatternConsole", "ObserverPatternConsole\ObserverPatternConsole.csproj", "{7AF45BBF-DAD6-40DB-9618-95B259AFA4D6}"
EndProject
Project("{2150E333-8FDC-42A3-9474-1A3956D46DE8}") = "ObserverPattern2", "ObserverPattern2", "{50769364-2F76-4BB1-8B1C-A654E499B2F7}"
EndProject
Project("{FAE04EC0-301F-11D3-BF4B-00C04F79EFBC}") = "ObserverPattern2", "ObserverPattern2\ObserverPattern2.csproj", "{D82BA6C4-CBAD-418B-80F6-92D2B98E9385}"
EndProject
Global
	GlobalSection(SolutionConfigurationPlatforms) = preSolution
		Debug|Any CPU = Debug|Any CPU
		Release|Any CPU = Release|Any CPU
	EndGlobalSection
	GlobalSection(ProjectConfigurationPlatforms) = postSolution
		{32F6A8D4-B055-471D-AD4F-FE01C06268C5}.Debug|Any CPU.ActiveCfg = Debug|Any CPU
		{32F6A8D4-B055-471D-AD4F-FE01C06268C5}.Debug|Any CPU.Build.0 = Debug|Any CPU
		{32F6A8D4-B055-471D-AD4F-FE01C06268C5}.Release|Any CPU.ActiveCfg = Release|Any CPU
		{32F6A8D4-B055-471D-AD4F-FE01C06268C5}.Release|Any CPU.Build.0 = Release|Any CPU
		{714816CC-A2D3-4854-ADF1-EDAFD4558F5E}.Debug|Any CPU.ActiveCfg = Debug|Any CPU
		{714816CC-A2D3-4854-ADF1-EDAFD4558F5E}.Debug|Any CPU.Build.0 = Debug|Any CPU
		{714816CC-A2D3-4854-ADF1-EDAFD4558F5E}.Release|Any CPU.ActiveCfg = Release|Any CPU
		{714816CC-A2D3-4854-ADF1-EDAFD4558F5E}.Release|Any CPU.Build.0 = Release|Any CPU
		{983C0433-A637-431E-BACA-A32D6FD034D0}.Debug|Any CPU.ActiveCfg = Debug|Any CPU
		{983C0433-A637-431E-BACA-A32D6FD034D0}.Debug|Any CPU.Build.0 = Debug|Any CPU
		{983C0433-A637-431E-BACA-A32D6FD034D0}.Release|Any CPU.ActiveCfg = Release|Any CPU
		{983C0433-A637-431E-BACA-A32D6FD034D0}.Release|Any CPU.Build.0 = Release|Any CPU
		{7AF45BBF-DAD6-40DB-9618-95B259AFA4D6}.Debug|Any CPU.ActiveCfg = Debug|Any CPU
		{7AF45BBF-DAD6-40DB-9618-95B259AFA4D6}.Debug|Any CPU.Build.0 = Debug|Any CPU
		{7AF45BBF-DAD6-40DB-9618-95B259AFA4D6}.Release|Any CPU.ActiveCfg = Release|Any CPU
		{7AF45BBF-DAD6-40DB-9618-95B259AFA4D6}.Release|Any CPU.Build.0 = Release|Any CPU
		{D82BA6C4-CBAD-418B-80F6-92D2B98E9385}.Debug|Any CPU.ActiveCfg = Debug|Any CPU
		{D82BA6C4-CBAD-418B-80F6-92D2B98E9385}.Debug|Any CPU.Build.0 = Debug|Any CPU
		{D82BA6C4-CBAD-418B-80F6-92D2B98E9385}.Release|Any CPU.ActiveCfg = Release|Any CPU
		{D82BA6C4-CBAD-418B-80F6-92D2B98E9385}.Release|Any CPU.Build.0 = Release|Any CPU
	EndGlobalSection
	GlobalSection(SolutionProperties) = preSolution
		HideSolutionNode = FALSE
	EndGlobalSection
	GlobalSection(NestedProjects) = preSolution
		{D82BA6C4-CBAD-418B-80F6-92D2B98E9385} = {50769364-2F76-4BB1-8B1C-A654E499B2F7}
	EndGlobalSection
	GlobalSection(ExtensibilityGlobals) = postSolution
		SolutionGuid = {BDB5C66B-284B-43DA-AE51-78EDEF651FA7}
	EndGlobalSection
EndGlobal
